PODS:
  - AFNetworking (2.0.3):
    - AFNetworking/NSURLConnection
    - AFNetworking/NSURLSession
    - AFNetworking/Reachability
    - AFNetworking/Security
    - AFNetworking/Serialization
    - AFNetworking/UIKit
  - AFNetworking/NSURLConnection (2.0.3):
    - AFNetworking/Reachability
    - AFNetworking/Security
    - AFNetworking/Serialization
  - AFNetworking/NSURLSession (2.0.3):
    - AFNetworking/NSURLConnection
  - AFNetworking/Reachability (2.0.3)
  - AFNetworking/Security (2.0.3)
  - AFNetworking/Serialization (2.0.3)
  - AFNetworking/UIKit (2.0.3):
    - AFNetworking/NSURLConnection
  - CSNotificationView (0.3.3)
  - LROAuth2Client (0.0.1)
  - MLPAutoCompleteTextField (1.5)
  - TPKeyboardAvoiding (1.2.1)
  - ViewDeck (2.2.11)

DEPENDENCIES:
  - AFNetworking
  - CSNotificationView
  - LROAuth2Client
  - MLPAutoCompleteTextField (~> 1.5)
  - TPKeyboardAvoiding
  - ViewDeck (= 2.2.11)

SPEC CHECKSUMS:
  AFNetworking: e499052cbf3d743e9bb727bb37adb9dc2547ba15
  CSNotificationView: f14352657afe7255be9fb2446eb99d5914b97b5d
  LROAuth2Client: 25f39c12511984f8abccd0295179c64a1dc94990
  MLPAutoCompleteTextField: 8baf7b9a78cbc6022a50f985c1c56784248821fe
  TPKeyboardAvoiding: 0536c563e6c8b8e95a7c4bf87fca9c0991f5e826
  ViewDeck: b5eddc8559b0e47259ab7addbf2de6768061f139

COCOAPODS: 0.28.0
